
Microsoft Visual Studio Solution File, Format Version 12.00
# Visual Studio Version 17
VisualStudioVersion = 17.0.32014.148
MinimumVisualStudioVersion = 10.0.40219.1
Project("{FAE04EC0-301F-11D3-BF4B-00C04F79EFBC}") = "Ecommerce_Project", "Ecommerce_Project\Ecommerce_Project.csproj", "{3F89716A-6040-4F2C-BD63-D721FBABB8BF}"
EndProject
Global
	GlobalSection(SolutionConfigurationPlatforms) = preSolution
		Debug|Any CPU = Debug|Any CPU
		Release|Any CPU = Release|Any CPU
	EndGlobalSection
	GlobalSection(ProjectConfigurationPlatforms) = postSolution
		{3F89716A-6040-4F2C-BD63-D721FBABB8BF}.Debug|Any CPU.ActiveCfg = Debug|Any CPU
		{3F89716A-6040-4F2C-BD63-D721FBABB8BF}.Debug|Any CPU.Build.0 = Debug|Any CPU
		{3F89716A-6040-4F2C-BD63-D721FBABB8BF}.Release|Any CPU.ActiveCfg = Release|Any CPU
		{3F89716A-6040-4F2C-BD63-D721FBABB8BF}.Release|Any CPU.Build.0 = Release|Any CPU
	EndGlobalSection
	GlobalSection(SolutionProperties) = preSolution
		HideSolutionNode = FALSE
	EndGlobalSection
	GlobalSection(ExtensibilityGlobals) = postSolution
		SolutionGuid = {644EA248-2B73-410E-840A-EF999351F425}
	EndGlobalSection
EndGlobal
